
Microsoft Visual Studio Solution File, Format Version 12.00
# Visual Studio Version 16
VisualStudioVersion = 16.0.30204.135
MinimumVisualStudioVersion = 10.0.40219.1
Project("{9A19103F-16F7-4668-BE54-9A1E7A4F7556}") = "pro_Models", "pro_Models\pro_Models.csproj", "{E35E68DC-D2D4-42B4-9B2C-756A8510E250}"
EndProject
Project("{9A19103F-16F7-4668-BE54-9A1E7A4F7556}") = "pro_API", "pro_API\pro_API.csproj", "{C2BFFF24-606B-4153-BC21-E090DE9EBEB2}"
EndProject
Project("{9A19103F-16F7-4668-BE54-9A1E7A4F7556}") = "pro_Server", "pro_Server\pro_Server.csproj", "{0482ABD7-BA14-406F-A4DB-58313F06DB84}"
EndProject
Global
	GlobalSection(SolutionConfigurationPlatforms) = preSolution
		Debug|Any CPU = Debug|Any CPU
		Release|Any CPU = Release|Any CPU
	EndGlobalSection
	GlobalSection(ProjectConfigurationPlatforms) = postSolution
		{E35E68DC-D2D4-42B4-9B2C-756A8510E250}.Debug|Any CPU.ActiveCfg = Debug|Any CPU
		{E35E68DC-D2D4-42B4-9B2C-756A8510E250}.Debug|Any CPU.Build.0 = Debug|Any CPU
		{E35E68DC-D2D4-42B4-9B2C-756A8510E250}.Release|Any CPU.ActiveCfg = Release|Any CPU
		{E35E68DC-D2D4-42B4-9B2C-756A8510E250}.Release|Any CPU.Build.0 = Release|Any CPU
		{C2BFFF24-606B-4153-BC21-E090DE9EBEB2}.Debug|Any CPU.ActiveCfg = Debug|Any CPU
		{C2BFFF24-606B-4153-BC21-E090DE9EBEB2}.Debug|Any CPU.Build.0 = Debug|Any CPU
		{C2BFFF24-606B-4153-BC21-E090DE9EBEB2}.Release|Any CPU.ActiveCfg = Release|Any CPU
		{C2BFFF24-606B-4153-BC21-E090DE9EBEB2}.Release|Any CPU.Build.0 = Release|Any CPU
		{0482ABD7-BA14-406F-A4DB-58313F06DB84}.Debug|Any CPU.ActiveCfg = Debug|Any CPU
		{0482ABD7-BA14-406F-A4DB-58313F06DB84}.Debug|Any CPU.Build.0 = Debug|Any CPU
		{0482ABD7-BA14-406F-A4DB-58313F06DB84}.Release|Any CPU.ActiveCfg = Release|Any CPU
		{0482ABD7-BA14-406F-A4DB-58313F06DB84}.Release|Any CPU.Build.0 = Release|Any CPU
	EndGlobalSection
	GlobalSection(SolutionProperties) = preSolution
		HideSolutionNode = FALSE
	EndGlobalSection
	GlobalSection(ExtensibilityGlobals) = postSolution
		SolutionGuid = {639035CC-C015-4A61-B9BC-631A4B363413}
	EndGlobalSection
EndGlobal
